{
  "name": "base-project",
  "version": "1.0.0",
  "lockfileVersion": 1,
  "requires": true,
  "dependencies": {
    "hamburgers": {
      "version": "0.9.3",
      "resolved": "https://registry.npmjs.org/hamburgers/-/hamburgers-0.9.3.tgz",
      "integrity": "sha512-7pC2GkvKcBtfUalg2Vfm2z3wOCUFI7ZHgqThUg6kHZ7ZcLelSzGhboB9UjlleRCBEUjAVCpcrdGdN7PcaJBQKQ==",
      "dev": true
    }
  }
}
